
Microsoft Visual Studio Solution File, Format Version 12.00
# Visual Studio Version 16
VisualStudioVersion = 16.0.30204.135
MinimumVisualStudioVersion = 10.0.40219.1
Project("{FAE04EC0-301F-11D3-BF4B-00C04F79EFBC}") = "Lab9_4HTML", "Lab9_4HTML\Lab9_4HTML.csproj", "{8F70ACE7-CAD2-4ED3-AFF9-9CC63DFB9D6F}"
EndProject
Global
	GlobalSection(SolutionConfigurationPlatforms) = preSolution
		Debug|Any CPU = Debug|Any CPU
		Release|Any CPU = Release|Any CPU
	EndGlobalSection
	GlobalSection(ProjectConfigurationPlatforms) = postSolution
		{8F70ACE7-CAD2-4ED3-AFF9-9CC63DFB9D6F}.Debug|Any CPU.ActiveCfg = Debug|Any CPU
		{8F70ACE7-CAD2-4ED3-AFF9-9CC63DFB9D6F}.Debug|Any CPU.Build.0 = Debug|Any CPU
		{8F70ACE7-CAD2-4ED3-AFF9-9CC63DFB9D6F}.Release|Any CPU.ActiveCfg = Release|Any CPU
		{8F70ACE7-CAD2-4ED3-AFF9-9CC63DFB9D6F}.Release|Any CPU.Build.0 = Release|Any CPU
	EndGlobalSection
	GlobalSection(SolutionProperties) = preSolution
		HideSolutionNode = FALSE
	EndGlobalSection
	GlobalSection(ExtensibilityGlobals) = postSolution
		SolutionGuid = {BF85B048-446D-4C66-A1DC-16CC9997B45B}
	EndGlobalSection
EndGlobal
