
Microsoft Visual Studio Solution File, Format Version 12.00
# Visual Studio Version 16
VisualStudioVersion = 16.0.30128.74
MinimumVisualStudioVersion = 10.0.40219.1
Project("{FAE04EC0-301F-11D3-BF4B-00C04F79EFBC}") = "Lab 4_5", "Lab 4_5\Lab 4_5.csproj", "{2B6ECA49-80D2-4708-B07F-0D5FF652ADC0}"
EndProject
Global
	GlobalSection(SolutionConfigurationPlatforms) = preSolution
		Debug|Any CPU = Debug|Any CPU
		Release|Any CPU = Release|Any CPU
	EndGlobalSection
	GlobalSection(ProjectConfigurationPlatforms) = postSolution
		{2B6ECA49-80D2-4708-B07F-0D5FF652ADC0}.Debug|Any CPU.ActiveCfg = Debug|Any CPU
		{2B6ECA49-80D2-4708-B07F-0D5FF652ADC0}.Debug|Any CPU.Build.0 = Debug|Any CPU
		{2B6ECA49-80D2-4708-B07F-0D5FF652ADC0}.Release|Any CPU.ActiveCfg = Release|Any CPU
		{2B6ECA49-80D2-4708-B07F-0D5FF652ADC0}.Release|Any CPU.Build.0 = Release|Any CPU
	EndGlobalSection
	GlobalSection(SolutionProperties) = preSolution
		HideSolutionNode = FALSE
	EndGlobalSection
	GlobalSection(ExtensibilityGlobals) = postSolution
		SolutionGuid = {C7A911A4-8CEB-44B7-803D-228D1E8DFAEB}
	EndGlobalSection
EndGlobal
