
Microsoft Visual Studio Solution File, Format Version 12.00
# Visual Studio Version 16
VisualStudioVersion = 16.0.30204.135
MinimumVisualStudioVersion = 10.0.40219.1
Project("{FAE04EC0-301F-11D3-BF4B-00C04F79EFBC}") = "Lab_10_4", "Lab_10_4\Lab_10_4.csproj", "{27D12870-17CF-4933-BFE3-04860451C6AD}"
EndProject
Global
	GlobalSection(SolutionConfigurationPlatforms) = preSolution
		Debug|Any CPU = Debug|Any CPU
		Release|Any CPU = Release|Any CPU
	EndGlobalSection
	GlobalSection(ProjectConfigurationPlatforms) = postSolution
		{27D12870-17CF-4933-BFE3-04860451C6AD}.Debug|Any CPU.ActiveCfg = Debug|Any CPU
		{27D12870-17CF-4933-BFE3-04860451C6AD}.Debug|Any CPU.Build.0 = Debug|Any CPU
		{27D12870-17CF-4933-BFE3-04860451C6AD}.Release|Any CPU.ActiveCfg = Release|Any CPU
		{27D12870-17CF-4933-BFE3-04860451C6AD}.Release|Any CPU.Build.0 = Release|Any CPU
	EndGlobalSection
	GlobalSection(SolutionProperties) = preSolution
		HideSolutionNode = FALSE
	EndGlobalSection
	GlobalSection(ExtensibilityGlobals) = postSolution
		SolutionGuid = {F0706F72-9BBC-4F9F-B6D2-5773FEB9C52D}
	EndGlobalSection
EndGlobal
